
Microsoft Visual Studio Solution File, Format Version 12.00
# Visual Studio Version 16
VisualStudioVersion = 16.0.28917.181
MinimumVisualStudioVersion = 10.0.40219.1
Project("{FAE04EC0-301F-11D3-BF4B-00C04F79EFBC}") = "Hilos", "Hilos1\Hilos.csproj", "{0BFB67FB-A6F9-4247-8F2B-FC70EAB3414A}"
EndProject
Project("{FAE04EC0-301F-11D3-BF4B-00C04F79EFBC}") = "Eventos", "Eventos\Eventos.csproj", "{32CD4A1B-6732-4E53-9588-AD25634CF419}"
EndProject
Project("{FAE04EC0-301F-11D3-BF4B-00C04F79EFBC}") = "Hilos+Eventos", "Hilos+Eventos\Hilos+Eventos.csproj", "{7DC5FBB2-3697-4C7F-8818-43CD1F843A0D}"
EndProject
Global
	GlobalSection(SolutionConfigurationPlatforms) = preSolution
		Debug|Any CPU = Debug|Any CPU
		Release|Any CPU = Release|Any CPU
	EndGlobalSection
	GlobalSection(ProjectConfigurationPlatforms) = postSolution
		{0BFB67FB-A6F9-4247-8F2B-FC70EAB3414A}.Debug|Any CPU.ActiveCfg = Debug|Any CPU
		{0BFB67FB-A6F9-4247-8F2B-FC70EAB3414A}.Debug|Any CPU.Build.0 = Debug|Any CPU
		{0BFB67FB-A6F9-4247-8F2B-FC70EAB3414A}.Release|Any CPU.ActiveCfg = Release|Any CPU
		{0BFB67FB-A6F9-4247-8F2B-FC70EAB3414A}.Release|Any CPU.Build.0 = Release|Any CPU
		{32CD4A1B-6732-4E53-9588-AD25634CF419}.Debug|Any CPU.ActiveCfg = Debug|Any CPU
		{32CD4A1B-6732-4E53-9588-AD25634CF419}.Debug|Any CPU.Build.0 = Debug|Any CPU
		{32CD4A1B-6732-4E53-9588-AD25634CF419}.Release|Any CPU.ActiveCfg = Release|Any CPU
		{32CD4A1B-6732-4E53-9588-AD25634CF419}.Release|Any CPU.Build.0 = Release|Any CPU
		{7DC5FBB2-3697-4C7F-8818-43CD1F843A0D}.Debug|Any CPU.ActiveCfg = Debug|Any CPU
		{7DC5FBB2-3697-4C7F-8818-43CD1F843A0D}.Debug|Any CPU.Build.0 = Debug|Any CPU
		{7DC5FBB2-3697-4C7F-8818-43CD1F843A0D}.Release|Any CPU.ActiveCfg = Release|Any CPU
		{7DC5FBB2-3697-4C7F-8818-43CD1F843A0D}.Release|Any CPU.Build.0 = Release|Any CPU
	EndGlobalSection
	GlobalSection(SolutionProperties) = preSolution
		HideSolutionNode = FALSE
	EndGlobalSection
	GlobalSection(ExtensibilityGlobals) = postSolution
		SolutionGuid = {AC5B30C4-C068-47D7-8C3F-37CE0EDC12EF}
	EndGlobalSection
EndGlobal
